{
    "alcaeus/mongo-php-adapter": {
        "version": "1.1.9"
    },
    "behat/behat": {
        "version": "3.5.x-dev"
    },
    "behat/gherkin": {
        "version": "v4.6.0"
    },
    "behat/mink": {
        "version": "1.7.x-dev"
    },
    "behat/mink-browserkit-driver": {
        "version": "1.3.3"
    },
    "behat/mink-extension": {
        "version": "2.3.1"
    },
    "behat/symfony2-extension": {
        "version": "2.1",
        "recipe": {
            "repo": "github.com/symfony/recipes",
            "branch": "master",
            "version": "2.1",
            "ref": "158be9d4b4c2127d9ec741c97e3cb1b6610b5294"
        },
        "files": [
            "behat.yml.dist",
            "config/bootstrap.php",
            "features/bootstrap/FeatureContext.php",
            "features/bootstrap/bootstrap.php",
            "features/demo.feature"
        ]
    },
    "behat/transliterator": {
        "version": "v1.2.0"
    },
    "behatch/contexts": {
        "version": "3.2.0"
    },
    "container-interop/container-interop": {
        "version": "1.2.0"
    },
    "dmore/chrome-mink-driver": {
        "version": "2.7.0"
    },
    "doctrine/annotations": {
        "version": "1.0",
        "recipe": {
            "repo": "github.com/symfony/recipes",
            "branch": "master",
            "version": "1.0",
            "ref": "cb4152ebcadbe620ea2261da1a1c5a9b8cea7672"
        },
        "files": [
            "config/routes/annotations.yaml"
        ]
    },
    "doctrine/cache": {
        "version": "v1.8.0"
    },
    "doctrine/collections": {
        "version": "v1.6.2"
    },
    "doctrine/common": {
        "version": "v2.10.0"
    },
    "doctrine/data-fixtures": {
        "version": "v1.3.2"
    },
    "doctrine/dbal": {
        "version": "v2.9.2"
    },
    "doctrine/doctrine-bundle": {
        "version": "1.6",
        "recipe": {
            "repo": "github.com/symfony/recipes",
            "branch": "master",
            "version": "1.6",
            "ref": "5e476e8edf3fa8e7f045ad034f89bb464424f5c1"
        },
        "files": [
            "config/packages/doctrine.yaml",
            "config/packages/prod/doctrine.yaml",
            "src/Entity/.gitignore",
            "src/Repository/.gitignore"
        ]
    },
    "doctrine/doctrine-cache-bundle": {
        "version": "1.3.5"
    },
    "doctrine/doctrine-fixtures-bundle": {
        "version": "3.0",
        "recipe": {
            "repo": "github.com/symfony/recipes",
            "branch": "master",
            "version": "3.0",
            "ref": "fc52d86631a6dfd9fdf3381d0b7e3df2069e51b3"
        },
        "files": [
            "src/DataFixtures/AppFixtures.php"
        ]
    },
    "doctrine/doctrine-migrations-bundle": {
        "version": "1.2",
        "recipe": {
            "repo": "github.com/symfony/recipes",
            "branch": "master",
            "version": "1.2",
            "ref": "c1431086fec31f17fbcfe6d6d7e92059458facc1"
        },
        "files": [
            "config/packages/doctrine_migrations.yaml",
            "src/Migrations/.gitignore"
        ]
    },
    "doctrine/doctrine-module": {
        "version": "2.1.9"
    },
    "doctrine/event-manager": {
        "version": "v1.0.0"
    },
    "doctrine/inflector": {
        "version": "v1.3.0"
    },
    "doctrine/instantiator": {
        "version": "1.2.0"
    },
    "doctrine/lexer": {
        "version": "1.0.2"
    },
    "doctrine/migrations": {
        "version": "2.1.1"
    },
    "doctrine/mongodb": {
        "version": "1.6.4"
    },
    "doctrine/mongodb-odm": {
        "version": "1.2.9"
    },
    "doctrine/mongodb-odm-bundle": {
        "version": "3.3",
        "recipe": {
            "repo": "github.com/symfony/recipes-contrib",
            "branch": "master",
            "version": "3.3",
            "ref": "1fd8598bf42227a1c8905edd32f640e4c5d15eff"
        },
        "files": [
            "config/packages/doctrine_mongodb.yaml",
            "config/packages/prod/doctrine_mongodb.yaml",
            "src/Document/.gitignore"
        ]
    },
    "doctrine/orm": {
        "version": "v2.6.3"
    },
    "doctrine/persistence": {
        "version": "1.1.1"
    },
    "doctrine/reflection": {
        "version": "v1.0.0"
    },
    "elasticsearch/elasticsearch": {
        "version": "v6.7.2"
    },
    "exsyst/swagger": {
        "version": "v0.4.1"
    },
    "friendsofsymfony/elastica-bundle": {
        "version": "5.0",
        "recipe": {
            "repo": "github.com/symfony/recipes-contrib",
            "branch": "master",
            "version": "5.0",
            "ref": "9d06213f85e85144f62cae9873d15272a97158d1"
        },
        "files": [
            "config/packages/fos_elastica.yaml"
        ]
    },
    "friendsofsymfony/rest-bundle": {
        "version": "2.2",
        "recipe": {
            "repo": "github.com/symfony/recipes-contrib",
            "branch": "master",
            "version": "2.2",
            "ref": "cad41ef93d6150067ae2bb3c7fd729492dff6f0a"
        },
        "files": [
            "config/packages/fos_rest.yaml"
        ]
    },
    "gedmo/doctrine-extensions": {
        "version": "v2.4.37"
    },
    "guzzlehttp/guzzle": {
        "version": "6.3.3"
    },
    "guzzlehttp/promises": {
        "version": "v1.3.1"
    },
    "guzzlehttp/psr7": {
        "version": "1.6.1"
    },
    "guzzlehttp/ringphp": {
        "version": "1.1.1"
    },
    "guzzlehttp/streams": {
        "version": "3.0.0"
    },
    "jdorn/sql-formatter": {
        "version": "v1.2.17"
    },
    "justinrainbow/json-schema": {
        "version": "5.2.8"
    },
    "mongodb/mongodb": {
        "version": "1.4.3"
    },
    "nelmio/api-doc-bundle": {
        "version": "3.0",
        "recipe": {
            "repo": "github.com/symfony/recipes-contrib",
            "branch": "master",
            "version": "3.0",
            "ref": "c8e0c38e1a280ab9e37587a8fa32b251d5bc1c94"
        },
        "files": [
            "config/packages/nelmio_api_doc.yaml",
            "config/routes/nelmio_api_doc.yaml"
        ]
    },
    "nikic/php-parser": {
        "version": "v4.2.2"
    },
    "ocramius/package-versions": {
        "version": "1.4.0"
    },
    "ocramius/proxy-manager": {
        "version": "2.1.1"
    },
    "pagerfanta/pagerfanta": {
        "version": "v2.1.3"
    },
    "phpdocumentor/reflection-common": {
        "version": "1.0.1"
    },
    "phpdocumentor/reflection-docblock": {
        "version": "4.3.1"
    },
    "phpdocumentor/type-resolver": {
        "version": "0.4.0"
    },
    "psr/cache": {
        "version": "1.0.1"
    },
    "psr/container": {
        "version": "1.0.0"
    },
    "psr/http-message": {
        "version": "1.0.1"
    },
    "psr/log": {
        "version": "1.1.0"
    },
    "psr/simple-cache": {
        "version": "1.0.1"
    },
    "ralouphie/getallheaders": {
        "version": "3.0.3"
    },
    "react/promise": {
        "version": "v2.7.1"
    },
    "ruflin/elastica": {
        "version": "6.1.1"
    },
    "sensio/framework-extra-bundle": {
        "version": "5.2",
        "recipe": {
            "repo": "github.com/symfony/recipes",
            "branch": "master",
            "version": "5.2",
            "ref": "fb7e19da7f013d0d422fa9bce16f5c510e27609b"
        },
        "files": [
            "config/packages/sensio_framework_extra.yaml"
        ]
    },
    "stof/doctrine-extensions-bundle": {
        "version": "1.2",
        "recipe": {
            "repo": "github.com/symfony/recipes-contrib",
            "branch": "master",
            "version": "1.2",
            "ref": "6c1ceb662f8997085f739cd089bfbef67f245983"
        },
        "files": [
            "config/packages/stof_doctrine_extensions.yaml"
        ]
    },
    "symfony/asset": {
        "version": "v4.3.3"
    },
    "symfony/browser-kit": {
        "version": "v4.3.4"
    },
    "symfony/cache": {
        "version": "v4.3.3"
    },
    "symfony/cache-contracts": {
        "version": "v1.1.5"
    },
    "symfony/config": {
        "version": "v4.3.3"
    },
    "symfony/console": {
        "version": "3.3",
        "recipe": {
            "repo": "github.com/symfony/recipes",
            "branch": "master",
            "version": "3.3",
            "ref": "482d233eb8de91ebd042992077bbd5838858890c"
        },
        "files": [
            "bin/console",
            "config/bootstrap.php"
        ]
    },
    "symfony/css-selector": {
        "version": "v4.3.4"
    },
    "symfony/debug": {
        "version": "v4.3.3"
    },
    "symfony/dependency-injection": {
        "version": "v4.3.3"
    },
    "symfony/doctrine-bridge": {
        "version": "v4.3.3"
    },
    "symfony/dom-crawler": {
        "version": "v4.3.4"
    },
    "symfony/dotenv": {
        "version": "v4.3.3"
    },
    "symfony/event-dispatcher": {
        "version": "v4.3.3"
    },
    "symfony/event-dispatcher-contracts": {
        "version": "v1.1.5"
    },
    "symfony/filesystem": {
        "version": "v4.3.3"
    },
    "symfony/finder": {
        "version": "v4.3.3"
    },
    "symfony/flex": {
        "version": "1.0",
        "recipe": {
            "repo": "github.com/symfony/recipes",
            "branch": "master",
            "version": "1.0",
            "ref": "dc3fc2e0334a4137c47cfd5a3ececc601fa61a0b"
        },
        "files": [
            ".env"
        ]
    },
    "symfony/form": {
        "version": "v4.3.3"
    },
    "symfony/framework-bundle": {
        "version": "4.2",
        "recipe": {
            "repo": "github.com/symfony/recipes",
            "branch": "master",
            "version": "4.2",
            "ref": "61ad963f28c091b8bb9449507654b9c7d8bbb53c"
        },
        "files": [
            "config/bootstrap.php",
            "config/packages/cache.yaml",
            "config/packages/framework.yaml",
            "config/packages/test/framework.yaml",
            "config/services.yaml",
            "public/index.php",
            "src/Controller/.gitignore",
            "src/Kernel.php"
        ]
    },
    "symfony/http-client": {
        "version": "v4.3.3"
    },
    "symfony/http-client-contracts": {
        "version": "v1.1.5"
    },
    "symfony/http-foundation": {
        "version": "v4.3.3"
    },
    "symfony/http-kernel": {
        "version": "v4.3.3"
    },
    "symfony/inflector": {
        "version": "v4.3.3"
    },
    "symfony/intl": {
        "version": "v4.3.3"
    },
    "symfony/maker-bundle": {
        "version": "1.0",
        "recipe": {
            "repo": "github.com/symfony/recipes",
            "branch": "master",
            "version": "1.0",
            "ref": "fadbfe33303a76e25cb63401050439aa9b1a9c7f"
        }
    },
    "symfony/messenger": {
        "version": "4.3",
        "recipe": {
            "repo": "github.com/symfony/recipes",
            "branch": "master",
            "version": "4.3",
            "ref": "8a2675c061737658bed85102e9241c752620e575"
        },
        "files": [
            "config/packages/messenger.yaml"
        ]
    },
    "symfony/mime": {
        "version": "v4.3.3"
    },
    "symfony/options-resolver": {
        "version": "v4.3.3"
    },
    "symfony/orm-pack": {
        "version": "v1.0.6"
    },
    "symfony/phpunit-bridge": {
        "version": "4.3",
        "recipe": {
            "repo": "github.com/symfony/recipes",
            "branch": "master",
            "version": "4.3",
            "ref": "b0582341f1df39aaf3a9a866cdbe49937da35984"
        },
        "files": [
            ".env.test",
            "bin/phpunit",
            "config/bootstrap.php",
            "phpunit.xml.dist",
            "tests/.gitignore"
        ]
    },
    "symfony/polyfill-intl-icu": {
        "version": "v1.12.0"
    },
    "symfony/polyfill-intl-idn": {
        "version": "v1.12.0"
    },
    "symfony/polyfill-mbstring": {
        "version": "v1.12.0"
    },
    "symfony/polyfill-php72": {
        "version": "v1.12.0"
    },
    "symfony/polyfill-php73": {
        "version": "v1.12.0"
    },
    "symfony/profiler-pack": {
        "version": "v1.0.4"
    },
    "symfony/property-access": {
        "version": "v4.3.3"
    },
    "symfony/property-info": {
        "version": "v4.3.3"
    },
    "symfony/routing": {
        "version": "4.2",
        "recipe": {
            "repo": "github.com/symfony/recipes",
            "branch": "master",
            "version": "4.2",
            "ref": "4c107a8d23a16b997178fbd4103b8d2f54f688b7"
        },
        "files": [
            "config/packages/dev/routing.yaml",
            "config/packages/routing.yaml",
            "config/packages/test/routing.yaml",
            "config/routes.yaml"
        ]
    },
    "symfony/security-core": {
        "version": "v4.3.3"
    },
    "symfony/security-csrf": {
        "version": "v4.3.3"
    },
    "symfony/serializer": {
        "version": "v4.3.3"
    },
    "symfony/service-contracts": {
        "version": "v1.1.5"
    },
    "symfony/stopwatch": {
        "version": "v4.3.3"
    },
    "symfony/templating": {
        "version": "v4.3.3"
    },
    "symfony/translation": {
        "version": "3.3",
        "recipe": {
            "repo": "github.com/symfony/recipes",
            "branch": "master",
            "version": "3.3",
            "ref": "2ad9d2545bce8ca1a863e50e92141f0b9d87ffcd"
        },
        "files": [
            "config/packages/translation.yaml",
            "translations/.gitignore"
        ]
    },
    "symfony/translation-contracts": {
        "version": "v1.1.5"
    },
    "symfony/twig-bridge": {
        "version": "v4.3.3"
    },
    "symfony/twig-bundle": {
        "version": "3.3",
        "recipe": {
            "repo": "github.com/symfony/recipes",
            "branch": "master",
            "version": "3.3",
            "ref": "369b5b29dc52b2c190002825ae7ec24ab6f962dd"
        },
        "files": [
            "config/packages/twig.yaml",
            "config/routes/dev/twig.yaml",
            "templates/base.html.twig"
        ]
    },
    "symfony/validator": {
        "version": "4.3",
        "recipe": {
            "repo": "github.com/symfony/recipes",
            "branch": "master",
            "version": "4.3",
            "ref": "d902da3e4952f18d3bf05aab29512eb61cabd869"
        },
        "files": [
            "config/packages/test/validator.yaml",
            "config/packages/validator.yaml"
        ]
    },
    "symfony/var-dumper": {
        "version": "v4.3.3"
    },
    "symfony/var-exporter": {
        "version": "v4.3.3"
    },
    "symfony/web-profiler-bundle": {
        "version": "3.3",
        "recipe": {
            "repo": "github.com/symfony/recipes",
            "branch": "master",
            "version": "3.3",
            "ref": "6bdfa1a95f6b2e677ab985cd1af2eae35d62e0f6"
        },
        "files": [
            "config/packages/dev/web_profiler.yaml",
            "config/packages/test/web_profiler.yaml",
            "config/routes/dev/web_profiler.yaml"
        ]
    },
    "symfony/yaml": {
        "version": "v4.3.3"
    },
    "textalk/websocket": {
        "version": "1.2.0"
    },
    "twig/twig": {
        "version": "v2.11.3"
    },
    "webmozart/assert": {
        "version": "1.4.0"
    },
    "willdurand/jsonp-callback-validator": {
        "version": "v1.1.0"
    },
    "willdurand/negotiation": {
        "version": "v2.3.1"
    },
    "wow-apps/symfony-slack-bot": {
        "version": "4.0",
        "recipe": {
            "repo": "github.com/symfony/recipes-contrib",
            "branch": "master",
            "version": "4.0",
            "ref": "13f0faeb4edc98b33972b7f99e80b91e34050874"
        },
        "files": [
            "config/packages/wow_apps_slack.yaml"
        ]
    },
    "zendframework/zend-authentication": {
        "version": "2.7.0"
    },
    "zendframework/zend-cache": {
        "version": "2.8.2"
    },
    "zendframework/zend-code": {
        "version": "3.3.1"
    },
    "zendframework/zend-config": {
        "version": "3.3.0"
    },
    "zendframework/zend-escaper": {
        "version": "2.6.0"
    },
    "zendframework/zend-eventmanager": {
        "version": "3.2.1"
    },
    "zendframework/zend-filter": {
        "version": "2.9.2"
    },
    "zendframework/zend-form": {
        "version": "2.14.1"
    },
    "zendframework/zend-http": {
        "version": "2.10.0"
    },
    "zendframework/zend-hydrator": {
        "version": "2.4.1"
    },
    "zendframework/zend-inputfilter": {
        "version": "2.10.0"
    },
    "zendframework/zend-json": {
        "version": "3.1.1"
    },
    "zendframework/zend-loader": {
        "version": "2.6.0"
    },
    "zendframework/zend-modulemanager": {
        "version": "2.8.2"
    },
    "zendframework/zend-mvc": {
        "version": "3.1.1"
    },
    "zendframework/zend-paginator": {
        "version": "2.8.2"
    },
    "zendframework/zend-router": {
        "version": "3.3.0"
    },
    "zendframework/zend-servicemanager": {
        "version": "3.4.0"
    },
    "zendframework/zend-stdlib": {
        "version": "3.2.1"
    },
    "zendframework/zend-uri": {
        "version": "2.7.0"
    },
    "zendframework/zend-validator": {
        "version": "2.12.0"
    },
    "zendframework/zend-view": {
        "version": "2.11.2"
    },
    "zircote/swagger-php": {
        "version": "2.0.14"
    }
}
